
Microsoft Visual Studio Solution File, Format Version 12.00
# Visual Studio Version 17
VisualStudioVersion = 17.9.34616.47
MinimumVisualStudioVersion = 10.0.40219.1
Project("{FAE04EC0-301F-11D3-BF4B-00C04F79EFBC}") = "SnoyFL_Kova", "SnoyFL_Kova\SnoyFL_Kova.csproj", "{DADD56DE-1125-40DE-A9B9-6CD7F61BE9A8}"
EndProject
Global
	GlobalSection(SolutionConfigurationPlatforms) = preSolution
		Debug|Any CPU = Debug|Any CPU
		Release|Any CPU = Release|Any CPU
	EndGlobalSection
	GlobalSection(ProjectConfigurationPlatforms) = postSolution
		{DADD56DE-1125-40DE-A9B9-6CD7F61BE9A8}.Debug|Any CPU.ActiveCfg = Debug|Any CPU
		{DADD56DE-1125-40DE-A9B9-6CD7F61BE9A8}.Debug|Any CPU.Build.0 = Debug|Any CPU
		{DADD56DE-1125-40DE-A9B9-6CD7F61BE9A8}.Release|Any CPU.ActiveCfg = Release|Any CPU
		{DADD56DE-1125-40DE-A9B9-6CD7F61BE9A8}.Release|Any CPU.Build.0 = Release|Any CPU
	EndGlobalSection
	GlobalSection(SolutionProperties) = preSolution
		HideSolutionNode = FALSE
	EndGlobalSection
	GlobalSection(ExtensibilityGlobals) = postSolution
		SolutionGuid = {9E7CD46A-15FD-463C-BD0D-A906333364F8}
	EndGlobalSection
EndGlobal
